schema: '2.0'
stages:
  preprocessing:
    cmd: python testimonies_preprocessing.py Data/Testimonies/
    deps:
    - path: testimonies_preprocessing.py
      md5: d876cba4acfb652e45799639f1d41575
      size: 6480
    outs:
    - path: data/testimonies.csv
      md5: 7b8e7ec03218baf6780198346b04d116
      size: 329108
  keywords:
    cmd: python keywords_testimonies.py Data/testimonies.csv
    deps:
    - path: Data/testimonies.csv
      md5: 7b8e7ec03218baf6780198346b04d116
      size: 329108
    - path: keywords_testimonies.py
      md5: 323fe29acfe1aac1abc3ecc228c59d1c
      size: 4313
  topic_model:
    cmd: python topic_model.py Data/testimonies.csv
    deps:
    - path: Data/testimonies.csv
      md5: 7b8e7ec03218baf6780198346b04d116
      size: 329108
    - path: topic_model.py
      md5: 2b33f1bb9004ea4d5e90804f7ae7718b
      size: 1215
    outs:
    - path: arabert_model
      md5: 98039f6a220661fb5cf1ddce5058ccc9
      size: 544932995
